// !$*UTF8*$!
{
	archiveVersion = 1;
	classes = {
	};
	objectVersion = 50;
	objects = {

/* Begin PBXBuildFile section */
		1C183B6C213196CB005966D1 /* ArticleListModels.swift in Sources */ = {isa = PBXBuildFile; fileRef = 1C183B6B213196CB005966D1 /* ArticleListModels.swift */; };
		1C183B6F2131AEA2005966D1 /* ArticleListTableViewCell.swift in Sources */ = {isa = PBXBuildFile; fileRef = 1C183B6D2131AEA2005966D1 /* ArticleListTableViewCell.swift */; };
		1C183B702131AEA2005966D1 /* ArticleListTableViewCell.xib in Resources */ = {isa = PBXBuildFile; fileRef = 1C183B6E2131AEA2005966D1 /* ArticleListTableViewCell.xib */; };
		1C183B762131B4A8005966D1 /* UITableView+Extensions.swift in Sources */ = {isa = PBXBuildFile; fileRef = 1C183B752131B4A8005966D1 /* UITableView+Extensions.swift */; };
		1C183B792131E6FF005966D1 /* ArticleDetailsViewController.swift in Sources */ = {isa = PBXBuildFile; fileRef = 1C183B782131E6FF005966D1 /* ArticleDetailsViewController.swift */; };
		1C183B8121327358005966D1 /* WikiArticle+CoreDataClass.swift in Sources */ = {isa = PBXBuildFile; fileRef = 1C183B7F21327358005966D1 /* WikiArticle+CoreDataClass.swift */; };
		1C183B8221327358005966D1 /* WikiArticle+CoreDataProperties.swift in Sources */ = {isa = PBXBuildFile; fileRef = 1C183B8021327358005966D1 /* WikiArticle+CoreDataProperties.swift */; };
		1C183B852132743F005966D1 /* CoreDataManager.swift in Sources */ = {isa = PBXBuildFile; fileRef = 1C183B842132743F005966D1 /* CoreDataManager.swift */; };
		1C183B8721327871005966D1 /* ArticleDetailsViewModel.swift in Sources */ = {isa = PBXBuildFile; fileRef = 1C183B8621327871005966D1 /* ArticleDetailsViewModel.swift */; };
		1C183B8921329F44005966D1 /* NotificationConstants.swift in Sources */ = {isa = PBXBuildFile; fileRef = 1C183B8821329F44005966D1 /* NotificationConstants.swift */; };
		1C7EE68F21312439004FA01B /* AppDelegate.swift in Sources */ = {isa = PBXBuildFile; fileRef = 1C7EE68E21312439004FA01B /* AppDelegate.swift */; };
		1C7EE69121312439004FA01B /* ArticleListViewController.swift in Sources */ = {isa = PBXBuildFile; fileRef = 1C7EE69021312439004FA01B /* ArticleListViewController.swift */; };
		1C7EE69421312439004FA01B /* Main.storyboard in Resources */ = {isa = PBXBuildFile; fileRef = 1C7EE69221312439004FA01B /* Main.storyboard */; };
		1C7EE69721312439004FA01B /* FakeWiki.xcdatamodeld in Sources */ = {isa = PBXBuildFile; fileRef = 1C7EE69521312439004FA01B /* FakeWiki.xcdatamodeld */; };
		1C7EE6992131243A004FA01B /* Assets.xcassets in Resources */ = {isa = PBXBuildFile; fileRef = 1C7EE6982131243A004FA01B /* Assets.xcassets */; };
		1C7EE69C2131243A004FA01B /* LaunchScreen.storyboard in Resources */ = {isa = PBXBuildFile; fileRef = 1C7EE69A2131243A004FA01B /* LaunchScreen.storyboard */; };
		1C7EE6A521312578004FA01B /* ArticleListViewModel.swift in Sources */ = {isa = PBXBuildFile; fileRef = 1C7EE6A421312578004FA01B /* ArticleListViewModel.swift */; };
		1C7EE6A8213125D8004FA01B /* WikiDataProvider.swift in Sources */ = {isa = PBXBuildFile; fileRef = 1C7EE6A7213125D8004FA01B /* WikiDataProvider.swift */; };
		1C7EE6AA21312631004FA01B /* NetworkManager.swift in Sources */ = {isa = PBXBuildFile; fileRef = 1C7EE6A921312631004FA01B /* NetworkManager.swift */; };
		1C7EE6AC2131263E004FA01B /* NetworkCache.swift in Sources */ = {isa = PBXBuildFile; fileRef = 1C7EE6AB2131263E004FA01B /* NetworkCache.swift */; };
		24E5C2E9403620BB4810518D /* Pods_FakeWiki.framework in Frameworks */ = {isa = PBXBuildFile; fileRef = C1BC857084C0DC0F19DCA9F0 /* Pods_FakeWiki.framework */; };
/* End PBXBuildFile section */

/* Begin PBXFileReference section */
		1C183B6B213196CB005966D1 /* ArticleListModels.swift */ = {isa = PBXFileReference; lastKnownFileType = sourcecode.swift; path = ArticleListModels.swift; sourceTree = "<group>"; };
		1C183B6D2131AEA2005966D1 /* ArticleListTableViewCell.swift */ = {isa = PBXFileReference; lastKnownFileType = sourcecode.swift; path = ArticleListTableViewCell.swift; sourceTree = "<group>"; };
		1C183B6E2131AEA2005966D1 /* ArticleListTableViewCell.xib */ = {isa = PBXFileReference; lastKnownFileType = file.xib; path = ArticleListTableViewCell.xib; sourceTree = "<group>"; };
		1C183B752131B4A8005966D1 /* UITableView+Extensions.swift */ = {isa = PBXFileReference; lastKnownFileType = sourcecode.swift; path = "UITableView+Extensions.swift"; sourceTree = "<group>"; };
		1C183B782131E6FF005966D1 /* ArticleDetailsViewController.swift */ = {isa = PBXFileReference; lastKnownFileType = sourcecode.swift; path = ArticleDetailsViewController.swift; sourceTree = "<group>"; };
		1C183B7F21327358005966D1 /* WikiArticle+CoreDataClass.swift */ = {isa = PBXFileReference; fileEncoding = 4; lastKnownFileType = sourcecode.swift; path = "WikiArticle+CoreDataClass.swift"; sourceTree = "<group>"; };
		1C183B8021327358005966D1 /* WikiArticle+CoreDataProperties.swift */ = {isa = PBXFileReference; fileEncoding = 4; lastKnownFileType = sourcecode.swift; path = "WikiArticle+CoreDataProperties.swift"; sourceTree = "<group>"; };
		1C183B842132743F005966D1 /* CoreDataManager.swift */ = {isa = PBXFileReference; lastKnownFileType = sourcecode.swift; path = CoreDataManager.swift; sourceTree = "<group>"; };
		1C183B8621327871005966D1 /* ArticleDetailsViewModel.swift */ = {isa = PBXFileReference; lastKnownFileType = sourcecode.swift; path = ArticleDetailsViewModel.swift; sourceTree = "<group>"; };
		1C183B8821329F44005966D1 /* NotificationConstants.swift */ = {isa = PBXFileReference; lastKnownFileType = sourcecode.swift; path = NotificationConstants.swift; sourceTree = "<group>"; };
		1C6870AB5731D73CEF42E812 /* Pods-FakeWiki.release.xcconfig */ = {isa = PBXFileReference; includeInIndex = 1; lastKnownFileType = text.xcconfig; name = "Pods-FakeWiki.release.xcconfig"; path = "Pods/Target Support Files/Pods-FakeWiki/Pods-FakeWiki.release.xcconfig"; sourceTree = "<group>"; };
		1C7EE68B21312439004FA01B /* FakeWiki.app */ = {isa = PBXFileReference; explicitFileType = wrapper.application; includeInIndex = 0; path = FakeWiki.app; sourceTree = BUILT_PRODUCTS_DIR; };
		1C7EE68E21312439004FA01B /* AppDelegate.swift */ = {isa = PBXFileReference; lastKnownFileType = sourcecode.swift; path = AppDelegate.swift; sourceTree = "<group>"; };
		1C7EE69021312439004FA01B /* ArticleListViewController.swift */ = {isa = PBXFileReference; lastKnownFileType = sourcecode.swift; path = ArticleListViewController.swift; sourceTree = "<group>"; };
		1C7EE69321312439004FA01B /* Base */ = {isa = PBXFileReference; lastKnownFileType = file.storyboard; name = Base; path = Base.lproj/Main.storyboard; sourceTree = "<group>"; };
		1C7EE69621312439004FA01B /* FakeWiki.xcdatamodel */ = {isa = PBXFileReference; lastKnownFileType = wrapper.xcdatamodel; path = FakeWiki.xcdatamodel; sourceTree = "<group>"; };
		1C7EE6982131243A004FA01B /* Assets.xcassets */ = {isa = PBXFileReference; lastKnownFileType = folder.assetcatalog; path = Assets.xcassets; sourceTree = "<group>"; };
		1C7EE69B2131243A004FA01B /* Base */ = {isa = PBXFileReference; lastKnownFileType = file.storyboard; name = Base; path = Base.lproj/LaunchScreen.storyboard; sourceTree = "<group>"; };
		1C7EE69D2131243A004FA01B /* Info.plist */ = {isa = PBXFileReference; lastKnownFileType = text.plist.xml; path = Info.plist; sourceTree = "<group>"; };
		1C7EE6A421312578004FA01B /* ArticleListViewModel.swift */ = {isa = PBXFileReference; lastKnownFileType = sourcecode.swift; path = ArticleListViewModel.swift; sourceTree = "<group>"; };
		1C7EE6A7213125D8004FA01B /* WikiDataProvider.swift */ = {isa = PBXFileReference; lastKnownFileType = sourcecode.swift; path = WikiDataProvider.swift; sourceTree = "<group>"; };
		1C7EE6A921312631004FA01B /* NetworkManager.swift */ = {isa = PBXFileReference; lastKnownFileType = sourcecode.swift; path = NetworkManager.swift; sourceTree = "<group>"; };
		1C7EE6AB2131263E004FA01B /* NetworkCache.swift */ = {isa = PBXFileReference; lastKnownFileType = sourcecode.swift; path = NetworkCache.swift; sourceTree = "<group>"; };
		952CFF11001EDF16E2CBF4CE /* Pods-FakeWiki.debug.xcconfig */ = {isa = PBXFileReference; includeInIndex = 1; lastKnownFileType = text.xcconfig; name = "Pods-FakeWiki.debug.xcconfig"; path = "Pods/Target Support Files/Pods-FakeWiki/Pods-FakeWiki.debug.xcconfig"; sourceTree = "<group>"; };
		C1BC857084C0DC0F19DCA9F0 /* Pods_FakeWiki.framework */ = {isa = PBXFileReference; explicitFileType = wrapper.framework; includeInIndex = 0; path = Pods_FakeWiki.framework; sourceTree = BUILT_PRODUCTS_DIR; };
/* End PBXFileReference section */

/* Begin PBXFrameworksBuildPhase section */
		1C7EE68821312439004FA01B /* Frameworks */ = {
			isa = PBXFrameworksBuildPhase;
			buildActionMask = 2147483647;
			files = (
				24E5C2E9403620BB4810518D /* Pods_FakeWiki.framework in Frameworks */,
			);
			runOnlyForDeploymentPostprocessing = 0;
		};
/* End PBXFrameworksBuildPhase section */

/* Begin PBXGroup section */
		1C183B722131AEB6005966D1 /* ArticleListCell */ = {
			isa = PBXGroup;
			children = (
				1C183B6D2131AEA2005966D1 /* ArticleListTableViewCell.swift */,
				1C183B6E2131AEA2005966D1 /* ArticleListTableViewCell.xib */,
			);
			path = ArticleListCell;
			sourceTree = "<group>";
		};
		1C183B732131B45F005966D1 /* Utils */ = {
			isa = PBXGroup;
			children = (
				1C183B752131B4A8005966D1 /* UITableView+Extensions.swift */,
				1C183B842132743F005966D1 /* CoreDataManager.swift */,
				1C183B8821329F44005966D1 /* NotificationConstants.swift */,
			);
			path = Utils;
			sourceTree = "<group>";
		};
		1C183B742131B46D005966D1 /* Storyboards */ = {
			isa = PBXGroup;
			children = (
				1C7EE69A2131243A004FA01B /* LaunchScreen.storyboard */,
				1C7EE69221312439004FA01B /* Main.storyboard */,
			);
			path = Storyboards;
			sourceTree = "<group>";
		};
		1C183B772131E6DD005966D1 /* ArticleDetailsController */ = {
			isa = PBXGroup;
			children = (
				1C183B782131E6FF005966D1 /* ArticleDetailsViewController.swift */,
				1C183B8621327871005966D1 /* ArticleDetailsViewModel.swift */,
			);
			path = ArticleDetailsController;
			sourceTree = "<group>";
		};
		1C183B832132735E005966D1 /* DataModels */ = {
			isa = PBXGroup;
			children = (
				1C183B7F21327358005966D1 /* WikiArticle+CoreDataClass.swift */,
				1C183B8021327358005966D1 /* WikiArticle+CoreDataProperties.swift */,
			);
			path = DataModels;
			sourceTree = "<group>";
		};
		1C7EE68221312439004FA01B = {
			isa = PBXGroup;
			children = (
				1C7EE68D21312439004FA01B /* FakeWiki */,
				1C7EE68C21312439004FA01B /* Products */,
				9145C8C23B1BFAB74AAFEE96 /* Pods */,
				58F3A663485D39566FD160BE /* Frameworks */,
			);
			sourceTree = "<group>";
		};
		1C7EE68C21312439004FA01B /* Products */ = {
			isa = PBXGroup;
			children = (
				1C7EE68B21312439004FA01B /* FakeWiki.app */,
			);
			name = Products;
			sourceTree = "<group>";
		};
		1C7EE68D21312439004FA01B /* FakeWiki */ = {
			isa = PBXGroup;
			children = (
				1C7EE68E21312439004FA01B /* AppDelegate.swift */,
				1C7EE6A6213125BE004FA01B /* NetworkProvider */,
				1C7EE6A32131255A004FA01B /* ArticleListController */,
				1C183B772131E6DD005966D1 /* ArticleDetailsController */,
				1C183B832132735E005966D1 /* DataModels */,
				1C183B732131B45F005966D1 /* Utils */,
				1C183B742131B46D005966D1 /* Storyboards */,
				1C7EE6982131243A004FA01B /* Assets.xcassets */,
				1C7EE69D2131243A004FA01B /* Info.plist */,
				1C7EE69521312439004FA01B /* FakeWiki.xcdatamodeld */,
			);
			path = FakeWiki;
			sourceTree = "<group>";
		};
		1C7EE6A32131255A004FA01B /* ArticleListController */ = {
			isa = PBXGroup;
			children = (
				1C7EE69021312439004FA01B /* ArticleListViewController.swift */,
				1C7EE6A421312578004FA01B /* ArticleListViewModel.swift */,
				1C183B6B213196CB005966D1 /* ArticleListModels.swift */,
				1C183B722131AEB6005966D1 /* ArticleListCell */,
			);
			path = ArticleListController;
			sourceTree = "<group>";
		};
		1C7EE6A6213125BE004FA01B /* NetworkProvider */ = {
			isa = PBXGroup;
			children = (
				1C7EE6A7213125D8004FA01B /* WikiDataProvider.swift */,
				1C7EE6A921312631004FA01B /* NetworkManager.swift */,
				1C7EE6AB2131263E004FA01B /* NetworkCache.swift */,
			);
			path = NetworkProvider;
			sourceTree = "<group>";
		};
		58F3A663485D39566FD160BE /* Frameworks */ = {
			isa = PBXGroup;
			children = (
				C1BC857084C0DC0F19DCA9F0 /* Pods_FakeWiki.framework */,
			);
			name = Frameworks;
			sourceTree = "<group>";
		};
		9145C8C23B1BFAB74AAFEE96 /* Pods */ = {
			isa = PBXGroup;
			children = (
				952CFF11001EDF16E2CBF4CE /* Pods-FakeWiki.debug.xcconfig */,
				1C6870AB5731D73CEF42E812 /* Pods-FakeWiki.release.xcconfig */,
			);
			name = Pods;
			sourceTree = "<group>";
		};
/* End PBXGroup section */

/* Begin PBXNativeTarget section */
		1C7EE68A21312439004FA01B /* FakeWiki */ = {
			isa = PBXNativeTarget;
			buildConfigurationList = 1C7EE6A02131243A004FA01B /* Build configuration list for PBXNativeTarget "FakeWiki" */;
			buildPhases = (
				2A813BCDE65BCBA258F77CF3 /* [CP] Check Pods Manifest.lock */,
				1C7EE68721312439004FA01B /* Sources */,
				1C7EE68821312439004FA01B /* Frameworks */,
				1C7EE68921312439004FA01B /* Resources */,
				E6F1E86887E8E020B5135C3B /* [CP] Embed Pods Frameworks */,
			);
			buildRules = (
			);
			dependencies = (
			);
			name = FakeWiki;
			productName = FakeWiki;
			productReference = 1C7EE68B21312439004FA01B /* FakeWiki.app */;
			productType = "com.apple.product-type.application";
		};
/* End PBXNativeTarget section */

/* Begin PBXProject section */
		1C7EE68321312439004FA01B /* Project object */ = {
			isa = PBXProject;
			attributes = {
				LastSwiftUpdateCheck = 0940;
				LastUpgradeCheck = 0940;
				ORGANIZATIONNAME = "Neel Bakshi";
				TargetAttributes = {
					1C7EE68A21312439004FA01B = {
						CreatedOnToolsVersion = 9.4.1;
					};
				};
			};
			buildConfigurationList = 1C7EE68621312439004FA01B /* Build configuration list for PBXProject "FakeWiki" */;
			compatibilityVersion = "Xcode 9.3";
			developmentRegion = en;
			hasScannedForEncodings = 0;
			knownRegions = (
				en,
				Base,
			);
			mainGroup = 1C7EE68221312439004FA01B;
			productRefGroup = 1C7EE68C21312439004FA01B /* Products */;
			projectDirPath = "";
			projectRoot = "";
			targets = (
				1C7EE68A21312439004FA01B /* FakeWiki */,
			);
		};
/* End PBXProject section */

/* Begin PBXResourcesBuildPhase section */
		1C7EE68921312439004FA01B /* Resources */ = {
			isa = PBXResourcesBuildPhase;
			buildActionMask = 2147483647;
			files = (
				1C183B702131AEA2005966D1 /* ArticleListTableViewCell.xib in Resources */,
				1C7EE69C2131243A004FA01B /* LaunchScreen.storyboard in Resources */,
				1C7EE6992131243A004FA01B /* Assets.xcassets in Resources */,
				1C7EE69421312439004FA01B /* Main.storyboard in Resources */,
			);
			runOnlyForDeploymentPostprocessing = 0;
		};
/* End PBXResourcesBuildPhase section */

/* Begin PBXShellScriptBuildPhase section */
		2A813BCDE65BCBA258F77CF3 /* [CP] Check Pods Manifest.lock */ = {
			isa = PBXShellScriptBuildPhase;
			buildActionMask = 2147483647;
			files = (
			);
			inputPaths = (
				"${PODS_PODFILE_DIR_PATH}/Podfile.lock",
				"${PODS_ROOT}/Manifest.lock",
			);
			name = "[CP] Check Pods Manifest.lock";
			outputPaths = (
				"$(DERIVED_FILE_DIR)/Pods-FakeWiki-checkManifestLockResult.txt",
			);
			runOnlyForDeploymentPostprocessing = 0;
			shellPath = /bin/sh;
			shellScript = "diff \"${PODS_PODFILE_DIR_PATH}/Podfile.lock\" \"${PODS_ROOT}/Manifest.lock\" > /dev/null\nif [ $? != 0 ] ; then\n    # print error to STDERR\n    echo \"error: The sandbox is not in sync with the Podfile.lock. Run 'pod install' or update your CocoaPods installation.\" >&2\n    exit 1\nfi\n# This output is used by Xcode 'outputs' to avoid re-running this script phase.\necho \"SUCCESS\" > \"${SCRIPT_OUTPUT_FILE_0}\"\n";
			showEnvVarsInLog = 0;
		};
		E6F1E86887E8E020B5135C3B /* [CP] Embed Pods Frameworks */ = {
			isa = PBXShellScriptBuildPhase;
			buildActionMask = 2147483647;
			files = (
			);
			inputPaths = (
				"${SRCROOT}/Pods/Target Support Files/Pods-FakeWiki/Pods-FakeWiki-frameworks.sh",
				"${BUILT_PRODUCTS_DIR}/Alamofire/Alamofire.framework",
				"${BUILT_PRODUCTS_DIR}/SDWebImage/SDWebImage.framework",
			);
			name = "[CP] Embed Pods Frameworks";
			outputPaths = (
				"${TARGET_BUILD_DIR}/${FRAMEWORKS_FOLDER_PATH}/Alamofire.framework",
				"${TARGET_BUILD_DIR}/${FRAMEWORKS_FOLDER_PATH}/SDWebImage.framework",
			);
			runOnlyForDeploymentPostprocessing = 0;
			shellPath = /bin/sh;
			shellScript = "\"${SRCROOT}/Pods/Target Support Files/Pods-FakeWiki/Pods-FakeWiki-frameworks.sh\"\n";
			showEnvVarsInLog = 0;
		};
/* End PBXShellScriptBuildPhase section */

/* Begin PBXSourcesBuildPhase section */
		1C7EE68721312439004FA01B /* Sources */ = {
			isa = PBXSourcesBuildPhase;
			buildActionMask = 2147483647;
			files = (
				1C7EE6AC2131263E004FA01B /* NetworkCache.swift in Sources */,
				1C183B8721327871005966D1 /* ArticleDetailsViewModel.swift in Sources */,
				1C7EE6AA21312631004FA01B /* NetworkManager.swift in Sources */,
				1C183B8121327358005966D1 /* WikiArticle+CoreDataClass.swift in Sources */,
				1C7EE69721312439004FA01B /* FakeWiki.xcdatamodeld in Sources */,
				1C183B792131E6FF005966D1 /* ArticleDetailsViewController.swift in Sources */,
				1C7EE6A521312578004FA01B /* ArticleListViewModel.swift in Sources */,
				1C183B8221327358005966D1 /* WikiArticle+CoreDataProperties.swift in Sources */,
				1C7EE69121312439004FA01B /* ArticleListViewController.swift in Sources */,
				1C183B762131B4A8005966D1 /* UITableView+Extensions.swift in Sources */,
				1C183B8921329F44005966D1 /* NotificationConstants.swift in Sources */,
				1C7EE68F21312439004FA01B /* AppDelegate.swift in Sources */,
				1C183B6C213196CB005966D1 /* ArticleListModels.swift in Sources */,
				1C7EE6A8213125D8004FA01B /* WikiDataProvider.swift in Sources */,
				1C183B852132743F005966D1 /* CoreDataManager.swift in Sources */,
				1C183B6F2131AEA2005966D1 /* ArticleListTableViewCell.swift in Sources */,
			);
			runOnlyForDeploymentPostprocessing = 0;
		};
/* End PBXSourcesBuildPhase section */

/* Begin PBXVariantGroup section */
		1C7EE69221312439004FA01B /* Main.storyboard */ = {
			isa = PBXVariantGroup;
			children = (
				1C7EE69321312439004FA01B /* Base */,
			);
			name = Main.storyboard;
			sourceTree = "<group>";
		};
		1C7EE69A2131243A004FA01B /* LaunchScreen.storyboard */ = {
			isa = PBXVariantGroup;
			children = (
				1C7EE69B2131243A004FA01B /* Base */,
			);
			name = LaunchScreen.storyboard;
			sourceTree = "<group>";
		};
/* End PBXVariantGroup section */

/* Begin XCBuildConfiguration section */
		1C7EE69E2131243A004FA01B /* Debug */ = {
			isa = XCBuildConfiguration;
			buildSettings = {
				ALWAYS_SEARCH_USER_PATHS = NO;
				CLANG_ANALYZER_NONNULL = YES;
				CLANG_ANALYZER_NUMBER_OBJECT_CONVERSION = YES_AGGRESSIVE;
				CLANG_CXX_LANGUAGE_STANDARD = "gnu++14";
				CLANG_CXX_LIBRARY = "libc++";
				CLANG_ENABLE_MODULES = YES;
				CLANG_ENABLE_OBJC_ARC = YES;
				CLANG_ENABLE_OBJC_WEAK = YES;
				CLANG_WARN_BLOCK_CAPTURE_AUTORELEASING = YES;
				CLANG_WARN_BOOL_CONVERSION = YES;
				CLANG_WARN_COMMA = YES;
				CLANG_WARN_CONSTANT_CONVERSION = YES;
				CLANG_WARN_DEPRECATED_OBJC_IMPLEMENTATIONS = YES;
				CLANG_WARN_DIRECT_OBJC_ISA_USAGE = YES_ERROR;
				CLANG_WARN_DOCUMENTATION_COMMENTS = YES;
				CLANG_WARN_EMPTY_BODY = YES;
				CLANG_WARN_ENUM_CONVERSION = YES;
				CLANG_WARN_INFINITE_RECURSION = YES;
				CLANG_WARN_INT_CONVERSION = YES;
				CLANG_WARN_NON_LITERAL_NULL_CONVERSION = YES;
				CLANG_WARN_OBJC_IMPLICIT_RETAIN_SELF = YES;
				CLANG_WARN_OBJC_LITERAL_CONVERSION = YES;
				CLANG_WARN_OBJC_ROOT_CLASS = YES_ERROR;
				CLANG_WARN_RANGE_LOOP_ANALYSIS = YES;
				CLANG_WARN_STRICT_PROTOTYPES = YES;
				CLANG_WARN_SUSPICIOUS_MOVE = YES;
				CLANG_WARN_UNGUARDED_AVAILABILITY = YES_AGGRESSIVE;
				CLANG_WARN_UNREACHABLE_CODE = YES;
				CLANG_WARN__DUPLICATE_METHOD_MATCH = YES;
				CODE_SIGN_IDENTITY = "iPhone Developer";
				COPY_PHASE_STRIP = NO;
				DEBUG_INFORMATION_FORMAT = dwarf;
				ENABLE_STRICT_OBJC_MSGSEND = YES;
				ENABLE_TESTABILITY = YES;
				GCC_C_LANGUAGE_STANDARD = gnu11;
				GCC_DYNAMIC_NO_PIC = NO;
				GCC_NO_COMMON_BLOCKS = YES;
				GCC_OPTIMIZATION_LEVEL = 0;
				GCC_PREPROCESSOR_DEFINITIONS = (
					"DEBUG=1",
					"$(inherited)",
				);
				GCC_WARN_64_TO_32_BIT_CONVERSION = YES;
				GCC_WARN_ABOUT_RETURN_TYPE = YES_ERROR;
				GCC_WARN_UNDECLARED_SELECTOR = YES;
				GCC_WARN_UNINITIALIZED_AUTOS = YES_AGGRESSIVE;
				GCC_WARN_UNUSED_FUNCTION = YES;
				GCC_WARN_UNUSED_VARIABLE = YES;
				IPHONEOS_DEPLOYMENT_TARGET = 11.4;
				MTL_ENABLE_DEBUG_INFO = YES;
				ONLY_ACTIVE_ARCH = YES;
				SDKROOT = iphoneos;
				SWIFT_ACTIVE_COMPILATION_CONDITIONS = DEBUG;
				SWIFT_OPTIMIZATION_LEVEL = "-Onone";
			};
			name = Debug;
		};
		1C7EE69F2131243A004FA01B /* Release */ = {
			isa = XCBuildConfiguration;
			buildSettings = {
				ALWAYS_SEARCH_USER_PATHS = NO;
				CLANG_ANALYZER_NONNULL = YES;
				CLANG_ANALYZER_NUMBER_OBJECT_CONVERSION = YES_AGGRESSIVE;
				CLANG_CXX_LANGUAGE_STANDARD = "gnu++14";
				CLANG_CXX_LIBRARY = "libc++";
				CLANG_ENABLE_MODULES = YES;
				CLANG_ENABLE_OBJC_ARC = YES;
				CLANG_ENABLE_OBJC_WEAK = YES;
				CLANG_WARN_BLOCK_CAPTURE_AUTORELEASING = YES;
				CLANG_WARN_BOOL_CONVERSION = YES;
				CLANG_WARN_COMMA = YES;
				CLANG_WARN_CONSTANT_CONVERSION = YES;
				CLANG_WARN_DEPRECATED_OBJC_IMPLEMENTATIONS = YES;
				CLANG_WARN_DIRECT_OBJC_ISA_USAGE = YES_ERROR;
				CLANG_WARN_DOCUMENTATION_COMMENTS = YES;
				CLANG_WARN_EMPTY_BODY = YES;
				CLANG_WARN_ENUM_CONVERSION = YES;
				CLANG_WARN_INFINITE_RECURSION = YES;
				CLANG_WARN_INT_CONVERSION = YES;
				CLANG_WARN_NON_LITERAL_NULL_CONVERSION = YES;
				CLANG_WARN_OBJC_IMPLICIT_RETAIN_SELF = YES;
				CLANG_WARN_OBJC_LITERAL_CONVERSION = YES;
				CLANG_WARN_OBJC_ROOT_CLASS = YES_ERROR;
				CLANG_WARN_RANGE_LOOP_ANALYSIS = YES;
				CLANG_WARN_STRICT_PROTOTYPES = YES;
				CLANG_WARN_SUSPICIOUS_MOVE = YES;
				CLANG_WARN_UNGUARDED_AVAILABILITY = YES_AGGRESSIVE;
				CLANG_WARN_UNREACHABLE_CODE = YES;
				CLANG_WARN__DUPLICATE_METHOD_MATCH = YES;
				CODE_SIGN_IDENTITY = "iPhone Developer";
				COPY_PHASE_STRIP = NO;
				DEBUG_INFORMATION_FORMAT = "dwarf-with-dsym";
				ENABLE_NS_ASSERTIONS = NO;
				ENABLE_STRICT_OBJC_MSGSEND = YES;
				GCC_C_LANGUAGE_STANDARD = gnu11;
				GCC_NO_COMMON_BLOCKS = YES;
				GCC_WARN_64_TO_32_BIT_CONVERSION = YES;
				GCC_WARN_ABOUT_RETURN_TYPE = YES_ERROR;
				GCC_WARN_UNDECLARED_SELECTOR = YES;
				GCC_WARN_UNINITIALIZED_AUTOS = YES_AGGRESSIVE;
				GCC_WARN_UNUSED_FUNCTION = YES;
				GCC_WARN_UNUSED_VARIABLE = YES;
				IPHONEOS_DEPLOYMENT_TARGET = 11.4;
				MTL_ENABLE_DEBUG_INFO = NO;
				SDKROOT = iphoneos;
				SWIFT_COMPILATION_MODE = wholemodule;
				SWIFT_OPTIMIZATION_LEVEL = "-O";
				VALIDATE_PRODUCT = YES;
			};
			name = Release;
		};
		1C7EE6A12131243A004FA01B /* Debug */ = {
			isa = XCBuildConfiguration;
			baseConfigurationReference = 952CFF11001EDF16E2CBF4CE /* Pods-FakeWiki.debug.xcconfig */;
			buildSettings = {
				ASSETCATALOG_COMPILER_APPICON_NAME = AppIcon;
				CODE_SIGN_STYLE = Automatic;
				DEVELOPMENT_TEAM = DHE79BPYQZ;
				INFOPLIST_FILE = FakeWiki/Info.plist;
				LD_RUNPATH_SEARCH_PATHS = (
					"$(inherited)",
					"@executable_path/Frameworks",
				);
				PRODUCT_BUNDLE_IDENTIFIER = com.neel.FakeWiki;
				PRODUCT_NAME = "$(TARGET_NAME)";
				SWIFT_VERSION = 4.0;
				TARGETED_DEVICE_FAMILY = "1,2";
			};
			name = Debug;
		};
		1C7EE6A22131243A004FA01B /* Release */ = {
			isa = XCBuildConfiguration;
			baseConfigurationReference = 1C6870AB5731D73CEF42E812 /* Pods-FakeWiki.release.xcconfig */;
			buildSettings = {
				ASSETCATALOG_COMPILER_APPICON_NAME = AppIcon;
				CODE_SIGN_STYLE = Automatic;
				DEVELOPMENT_TEAM = DHE79BPYQZ;
				INFOPLIST_FILE = FakeWiki/Info.plist;
				LD_RUNPATH_SEARCH_PATHS = (
					"$(inherited)",
					"@executable_path/Frameworks",
				);
				PRODUCT_BUNDLE_IDENTIFIER = com.neel.FakeWiki;
				PRODUCT_NAME = "$(TARGET_NAME)";
				SWIFT_VERSION = 4.0;
				TARGETED_DEVICE_FAMILY = "1,2";
			};
			name = Release;
		};
/* End XCBuildConfiguration section */

/* Begin XCConfigurationList section */
		1C7EE68621312439004FA01B /* Build configuration list for PBXProject "FakeWiki" */ = {
			isa = XCConfigurationList;
			buildConfigurations = (
				1C7EE69E2131243A004FA01B /* Debug */,
				1C7EE69F2131243A004FA01B /* Release */,
			);
			defaultConfigurationIsVisible = 0;
			defaultConfigurationName = Release;
		};
		1C7EE6A02131243A004FA01B /* Build configuration list for PBXNativeTarget "FakeWiki" */ = {
			isa = XCConfigurationList;
			buildConfigurations = (
				1C7EE6A12131243A004FA01B /* Debug */,
				1C7EE6A22131243A004FA01B /* Release */,
			);
			defaultConfigurationIsVisible = 0;
			defaultConfigurationName = Release;
		};
/* End XCConfigurationList section */

/* Begin XCVersionGroup section */
		1C7EE69521312439004FA01B /* FakeWiki.xcdatamodeld */ = {
			isa = XCVersionGroup;
			children = (
				1C7EE69621312439004FA01B /* FakeWiki.xcdatamodel */,
			);
			currentVersion = 1C7EE69621312439004FA01B /* FakeWiki.xcdatamodel */;
			path = FakeWiki.xcdatamodeld;
			sourceTree = "<group>";
			versionGroupType = wrapper.xcdatamodel;
		};
/* End XCVersionGroup section */
	};
	rootObject = 1C7EE68321312439004FA01B /* Project object */;
}
